// !$*UTF8*$!
{
	archiveVersion = 1;
	classes = {
	};
	objectVersion = 50;
	objects = {

/* Begin PBXBuildFile section */
		C349BFE7285327EE00EC0596 /* AppDelegate.swift in Sources */ = {isa = PBXBuildFile; fileRef = C349BFE6285327EE00EC0596 /* AppDelegate.swift */; };
		C349BFE9285327EE00EC0596 /* SceneDelegate.swift in Sources */ = {isa = PBXBuildFile; fileRef = C349BFE8285327EE00EC0596 /* SceneDelegate.swift */; };
		C349BFEB285327EE00EC0596 /* ViewController.swift in Sources */ = {isa = PBXBuildFile; fileRef = C349BFEA285327EE00EC0596 /* ViewController.swift */; };
		C349BFEE285327EE00EC0596 /* Main.storyboard in Resources */ = {isa = PBXBuildFile; fileRef = C349BFEC285327EE00EC0596 /* Main.storyboard */; };
		C349BFF0285327EF00EC0596 /* Assets.xcassets in Resources */ = {isa = PBXBuildFile; fileRef = C349BFEF285327EF00EC0596 /* Assets.xcassets */; };
		C349BFF3285327EF00EC0596 /* LaunchScreen.storyboard in Resources */ = {isa = PBXBuildFile; fileRef = C349BFF1285327EF00EC0596 /* LaunchScreen.storyboard */; };
		C349C000285354E500EC0596 /* Contact.swift in Sources */ = {isa = PBXBuildFile; fileRef = C349BFFF285354E500EC0596 /* Contact.swift */; };
		C349C003285369AB00EC0596 /* extensions.swift in Sources */ = {isa = PBXBuildFile; fileRef = C349C002285369AB00EC0596 /* extensions.swift */; };
		C349C006285373B400EC0596 /* ContactCell.swift in Sources */ = {isa = PBXBuildFile; fileRef = C349C005285373B400EC0596 /* ContactCell.swift */; };
		C3B01A752859F63800310452 /* ContactList.swift in Sources */ = {isa = PBXBuildFile; fileRef = C3B01A742859F63800310452 /* ContactList.swift */; };
/* End PBXBuildFile section */

/* Begin PBXFileReference section */
		C349BFE3285327EE00EC0596 /* Practice.app */ = {isa = PBXFileReference; explicitFileType = wrapper.application; includeInIndex = 0; path = Practice.app; sourceTree = BUILT_PRODUCTS_DIR; };
		C349BFE6285327EE00EC0596 /* AppDelegate.swift */ = {isa = PBXFileReference; lastKnownFileType = sourcecode.swift; path = AppDelegate.swift; sourceTree = "<group>"; };
		C349BFE8285327EE00EC0596 /* SceneDelegate.swift */ = {isa = PBXFileReference; lastKnownFileType = sourcecode.swift; path = SceneDelegate.swift; sourceTree = "<group>"; };
		C349BFEA285327EE00EC0596 /* ViewController.swift */ = {isa = PBXFileReference; lastKnownFileType = sourcecode.swift; path = ViewController.swift; sourceTree = "<group>"; };
		C349BFED285327EE00EC0596 /* Base */ = {isa = PBXFileReference; lastKnownFileType = file.storyboard; name = Base; path = Base.lproj/Main.storyboard; sourceTree = "<group>"; };
		C349BFEF285327EF00EC0596 /* Assets.xcassets */ = {isa = PBXFileReference; lastKnownFileType = folder.assetcatalog; path = Assets.xcassets; sourceTree = "<group>"; };
		C349BFF2285327EF00EC0596 /* Base */ = {isa = PBXFileReference; lastKnownFileType = file.storyboard; name = Base; path = Base.lproj/LaunchScreen.storyboard; sourceTree = "<group>"; };
		C349BFF4285327EF00EC0596 /* Info.plist */ = {isa = PBXFileReference; lastKnownFileType = text.plist.xml; path = Info.plist; sourceTree = "<group>"; };
		C349BFFF285354E500EC0596 /* Contact.swift */ = {isa = PBXFileReference; fileEncoding = 4; lastKnownFileType = sourcecode.swift; name = Contact.swift; path = ../../tableview/TableCreation/TableCreation/Contact.swift; sourceTree = "<group>"; };
		C349C002285369AB00EC0596 /* extensions.swift */ = {isa = PBXFileReference; lastKnownFileType = sourcecode.swift; path = extensions.swift; sourceTree = "<group>"; };
		C349C005285373B400EC0596 /* ContactCell.swift */ = {isa = PBXFileReference; lastKnownFileType = sourcecode.swift; path = ContactCell.swift; sourceTree = "<group>"; };
		C3B01A742859F63800310452 /* ContactList.swift */ = {isa = PBXFileReference; lastKnownFileType = sourcecode.swift; path = ContactList.swift; sourceTree = "<group>"; };
/* End PBXFileReference section */

/* Begin PBXFrameworksBuildPhase section */
		C349BFE0285327EE00EC0596 /* Frameworks */ = {
			isa = PBXFrameworksBuildPhase;
			buildActionMask = 2147483647;
			files = (
			);
			runOnlyForDeploymentPostprocessing = 0;
		};
/* End PBXFrameworksBuildPhase section */

/* Begin PBXGroup section */
		C349BFDA285327EE00EC0596 = {
			isa = PBXGroup;
			children = (
				C349BFE5285327EE00EC0596 /* Practice */,
				C349BFE4285327EE00EC0596 /* Products */,
			);
			sourceTree = "<group>";
		};
		C349BFE4285327EE00EC0596 /* Products */ = {
			isa = PBXGroup;
			children = (
				C349BFE3285327EE00EC0596 /* Practice.app */,
			);
			name = Products;
			sourceTree = "<group>";
		};
		C349BFE5285327EE00EC0596 /* Practice */ = {
			isa = PBXGroup;
			children = (
				C349BFE6285327EE00EC0596 /* AppDelegate.swift */,
				C349BFE8285327EE00EC0596 /* SceneDelegate.swift */,
				C349BFEA285327EE00EC0596 /* ViewController.swift */,
				C349C005285373B400EC0596 /* ContactCell.swift */,
				C349C002285369AB00EC0596 /* extensions.swift */,
				C3B01A742859F63800310452 /* ContactList.swift */,
				C349BFFF285354E500EC0596 /* Contact.swift */,
				C349BFEC285327EE00EC0596 /* Main.storyboard */,
				C349BFEF285327EF00EC0596 /* Assets.xcassets */,
				C349BFF1285327EF00EC0596 /* LaunchScreen.storyboard */,
				C349BFF4285327EF00EC0596 /* Info.plist */,
			);
			path = Practice;
			sourceTree = "<group>";
		};
/* End PBXGroup section */

/* Begin PBXNativeTarget section */
		C349BFE2285327EE00EC0596 /* Practice */ = {
			isa = PBXNativeTarget;
			buildConfigurationList = C349BFF7285327EF00EC0596 /* Build configuration list for PBXNativeTarget "Practice" */;
			buildPhases = (
				C349BFDF285327EE00EC0596 /* Sources */,
				C349BFE0285327EE00EC0596 /* Frameworks */,
				C349BFE1285327EE00EC0596 /* Resources */,
			);
			buildRules = (
			);
			dependencies = (
			);
			name = Practice;
			productName = Practice;
			productReference = C349BFE3285327EE00EC0596 /* Practice.app */;
			productType = "com.apple.product-type.application";
		};
/* End PBXNativeTarget section */

/* Begin PBXProject section */
		C349BFDB285327EE00EC0596 /* Project object */ = {
			isa = PBXProject;
			attributes = {
				LastSwiftUpdateCheck = 1240;
				LastUpgradeCheck = 1240;
				TargetAttributes = {
					C349BFE2285327EE00EC0596 = {
						CreatedOnToolsVersion = 12.4;
					};
				};
			};
			buildConfigurationList = C349BFDE285327EE00EC0596 /* Build configuration list for PBXProject "Practice" */;
			compatibilityVersion = "Xcode 9.3";
			developmentRegion = en;
			hasScannedForEncodings = 0;
			knownRegions = (
				en,
				Base,
			);
			mainGroup = C349BFDA285327EE00EC0596;
			productRefGroup = C349BFE4285327EE00EC0596 /* Products */;
			projectDirPath = "";
			projectRoot = "";
			targets = (
				C349BFE2285327EE00EC0596 /* Practice */,
			);
		};
/* End PBXProject section */

/* Begin PBXResourcesBuildPhase section */
		C349BFE1285327EE00EC0596 /* Resources */ = {
			isa = PBXResourcesBuildPhase;
			buildActionMask = 2147483647;
			files = (
				C349BFF3285327EF00EC0596 /* LaunchScreen.storyboard in Resources */,
				C349BFF0285327EF00EC0596 /* Assets.xcassets in Resources */,
				C349BFEE285327EE00EC0596 /* Main.storyboard in Resources */,
			);
			runOnlyForDeploymentPostprocessing = 0;
		};
/* End PBXResourcesBuildPhase section */

/* Begin PBXSourcesBuildPhase section */
		C349BFDF285327EE00EC0596 /* Sources */ = {
			isa = PBXSourcesBuildPhase;
			buildActionMask = 2147483647;
			files = (
				C349C006285373B400EC0596 /* ContactCell.swift in Sources */,
				C349C003285369AB00EC0596 /* extensions.swift in Sources */,
				C349C000285354E500EC0596 /* Contact.swift in Sources */,
				C349BFEB285327EE00EC0596 /* ViewController.swift in Sources */,
				C3B01A752859F63800310452 /* ContactList.swift in Sources */,
				C349BFE7285327EE00EC0596 /* AppDelegate.swift in Sources */,
				C349BFE9285327EE00EC0596 /* SceneDelegate.swift in Sources */,
			);
			runOnlyForDeploymentPostprocessing = 0;
		};
/* End PBXSourcesBuildPhase section */

/* Begin PBXVariantGroup section */
		C349BFEC285327EE00EC0596 /* Main.storyboard */ = {
			isa = PBXVariantGroup;
			children = (
				C349BFED285327EE00EC0596 /* Base */,
			);
			name = Main.storyboard;
			sourceTree = "<group>";
		};
		C349BFF1285327EF00EC0596 /* LaunchScreen.storyboard */ = {
			isa = PBXVariantGroup;
			children = (
				C349BFF2285327EF00EC0596 /* Base */,
			);
			name = LaunchScreen.storyboard;
			sourceTree = "<group>";
		};
/* End PBXVariantGroup section */

/* Begin XCBuildConfiguration section */
		C349BFF5285327EF00EC0596 /* Debug */ = {
			isa = XCBuildConfiguration;
			buildSettings = {
				ALWAYS_SEARCH_USER_PATHS = NO;
				CLANG_ANALYZER_NONNULL = YES;
				CLANG_ANALYZER_NUMBER_OBJECT_CONVERSION = YES_AGGRESSIVE;
				CLANG_CXX_LANGUAGE_STANDARD = "gnu++14";
				CLANG_CXX_LIBRARY = "libc++";
				CLANG_ENABLE_MODULES = YES;
				CLANG_ENABLE_OBJC_ARC = YES;
				CLANG_ENABLE_OBJC_WEAK = YES;
				CLANG_WARN_BLOCK_CAPTURE_AUTORELEASING = YES;
				CLANG_WARN_BOOL_CONVERSION = YES;
				CLANG_WARN_COMMA = YES;
				CLANG_WARN_CONSTANT_CONVERSION = YES;
				CLANG_WARN_DEPRECATED_OBJC_IMPLEMENTATIONS = YES;
				CLANG_WARN_DIRECT_OBJC_ISA_USAGE = YES_ERROR;
				CLANG_WARN_DOCUMENTATION_COMMENTS = YES;
				CLANG_WARN_EMPTY_BODY = YES;
				CLANG_WARN_ENUM_CONVERSION = YES;
				CLANG_WARN_INFINITE_RECURSION = YES;
				CLANG_WARN_INT_CONVERSION = YES;
				CLANG_WARN_NON_LITERAL_NULL_CONVERSION = YES;
				CLANG_WARN_OBJC_IMPLICIT_RETAIN_SELF = YES;
				CLANG_WARN_OBJC_LITERAL_CONVERSION = YES;
				CLANG_WARN_OBJC_ROOT_CLASS = YES_ERROR;
				CLANG_WARN_QUOTED_INCLUDE_IN_FRAMEWORK_HEADER = YES;
				CLANG_WARN_RANGE_LOOP_ANALYSIS = YES;
				CLANG_WARN_STRICT_PROTOTYPES = YES;
				CLANG_WARN_SUSPICIOUS_MOVE = YES;
				CLANG_WARN_UNGUARDED_AVAILABILITY = YES_AGGRESSIVE;
				CLANG_WARN_UNREACHABLE_CODE = YES;
				CLANG_WARN__DUPLICATE_METHOD_MATCH = YES;
				COPY_PHASE_STRIP = NO;
				DEBUG_INFORMATION_FORMAT = dwarf;
				ENABLE_STRICT_OBJC_MSGSEND = YES;
				ENABLE_TESTABILITY = YES;
				GCC_C_LANGUAGE_STANDARD = gnu11;
				GCC_DYNAMIC_NO_PIC = NO;
				GCC_NO_COMMON_BLOCKS = YES;
				GCC_OPTIMIZATION_LEVEL = 0;
				GCC_PREPROCESSOR_DEFINITIONS = (
					"DEBUG=1",
					"$(inherited)",
				);
				GCC_WARN_64_TO_32_BIT_CONVERSION = YES;
				GCC_WARN_ABOUT_RETURN_TYPE = YES_ERROR;
				GCC_WARN_UNDECLARED_SELECTOR = YES;
				GCC_WARN_UNINITIALIZED_AUTOS = YES_AGGRESSIVE;
				GCC_WARN_UNUSED_FUNCTION = YES;
				GCC_WARN_UNUSED_VARIABLE = YES;
				IPHONEOS_DEPLOYMENT_TARGET = 14.4;
				MTL_ENABLE_DEBUG_INFO = INCLUDE_SOURCE;
				MTL_FAST_MATH = YES;
				ONLY_ACTIVE_ARCH = YES;
				SDKROOT = iphoneos;
				SWIFT_ACTIVE_COMPILATION_CONDITIONS = DEBUG;
				SWIFT_OPTIMIZATION_LEVEL = "-Onone";
			};
			name = Debug;
		};
		C349BFF6285327EF00EC0596 /* Release */ = {
			isa = XCBuildConfiguration;
			buildSettings = {
				ALWAYS_SEARCH_USER_PATHS = NO;
				CLANG_ANALYZER_NONNULL = YES;
				CLANG_ANALYZER_NUMBER_OBJECT_CONVERSION = YES_AGGRESSIVE;
				CLANG_CXX_LANGUAGE_STANDARD = "gnu++14";
				CLANG_CXX_LIBRARY = "libc++";
				CLANG_ENABLE_MODULES = YES;
				CLANG_ENABLE_OBJC_ARC = YES;
				CLANG_ENABLE_OBJC_WEAK = YES;
				CLANG_WARN_BLOCK_CAPTURE_AUTORELEASING = YES;
				CLANG_WARN_BOOL_CONVERSION = YES;
				CLANG_WARN_COMMA = YES;
				CLANG_WARN_CONSTANT_CONVERSION = YES;
				CLANG_WARN_DEPRECATED_OBJC_IMPLEMENTATIONS = YES;
				CLANG_WARN_DIRECT_OBJC_ISA_USAGE = YES_ERROR;
				CLANG_WARN_DOCUMENTATION_COMMENTS = YES;
				CLANG_WARN_EMPTY_BODY = YES;
				CLANG_WARN_ENUM_CONVERSION = YES;
				CLANG_WARN_INFINITE_RECURSION = YES;
				CLANG_WARN_INT_CONVERSION = YES;
				CLANG_WARN_NON_LITERAL_NULL_CONVERSION = YES;
				CLANG_WARN_OBJC_IMPLICIT_RETAIN_SELF = YES;
				CLANG_WARN_OBJC_LITERAL_CONVERSION = YES;
				CLANG_WARN_OBJC_ROOT_CLASS = YES_ERROR;
				CLANG_WARN_QUOTED_INCLUDE_IN_FRAMEWORK_HEADER = YES;
				CLANG_WARN_RANGE_LOOP_ANALYSIS = YES;
				CLANG_WARN_STRICT_PROTOTYPES = YES;
				CLANG_WARN_SUSPICIOUS_MOVE = YES;
				CLANG_WARN_UNGUARDED_AVAILABILITY = YES_AGGRESSIVE;
				CLANG_WARN_UNREACHABLE_CODE = YES;
				CLANG_WARN__DUPLICATE_METHOD_MATCH = YES;
				COPY_PHASE_STRIP = NO;
				DEBUG_INFORMATION_FORMAT = "dwarf-with-dsym";
				ENABLE_NS_ASSERTIONS = NO;
				ENABLE_STRICT_OBJC_MSGSEND = YES;
				GCC_C_LANGUAGE_STANDARD = gnu11;
				GCC_NO_COMMON_BLOCKS = YES;
				GCC_WARN_64_TO_32_BIT_CONVERSION = YES;
				GCC_WARN_ABOUT_RETURN_TYPE = YES_ERROR;
				GCC_WARN_UNDECLARED_SELECTOR = YES;
				GCC_WARN_UNINITIALIZED_AUTOS = YES_AGGRESSIVE;
				GCC_WARN_UNUSED_FUNCTION = YES;
				GCC_WARN_UNUSED_VARIABLE = YES;
				IPHONEOS_DEPLOYMENT_TARGET = 14.4;
				MTL_ENABLE_DEBUG_INFO = NO;
				MTL_FAST_MATH = YES;
				SDKROOT = iphoneos;
				SWIFT_COMPILATION_MODE = wholemodule;
				SWIFT_OPTIMIZATION_LEVEL = "-O";
				VALIDATE_PRODUCT = YES;
			};
			name = Release;
		};
		C349BFF8285327EF00EC0596 /* Debug */ = {
			isa = XCBuildConfiguration;
			buildSettings = {
				ASSETCATALOG_COMPILER_APPICON_NAME = AppIcon;
				ASSETCATALOG_COMPILER_GLOBAL_ACCENT_COLOR_NAME = AccentColor;
				CODE_SIGN_STYLE = Automatic;
				INFOPLIST_FILE = Practice/Info.plist;
				LD_RUNPATH_SEARCH_PATHS = (
					"$(inherited)",
					"@executable_path/Frameworks",
				);
				PRODUCT_BUNDLE_IDENTIFIER = com.practice.Practice;
				PRODUCT_NAME = "$(TARGET_NAME)";
				SWIFT_VERSION = 5.0;
				TARGETED_DEVICE_FAMILY = "1,2";
			};
			name = Debug;
		};
		C349BFF9285327EF00EC0596 /* Release */ = {
			isa = XCBuildConfiguration;
			buildSettings = {
				ASSETCATALOG_COMPILER_APPICON_NAME = AppIcon;
				ASSETCATALOG_COMPILER_GLOBAL_ACCENT_COLOR_NAME = AccentColor;
				CODE_SIGN_STYLE = Automatic;
				INFOPLIST_FILE = Practice/Info.plist;
				LD_RUNPATH_SEARCH_PATHS = (
					"$(inherited)",
					"@executable_path/Frameworks",
				);
				PRODUCT_BUNDLE_IDENTIFIER = com.practice.Practice;
				PRODUCT_NAME = "$(TARGET_NAME)";
				SWIFT_VERSION = 5.0;
				TARGETED_DEVICE_FAMILY = "1,2";
			};
			name = Release;
		};
/* End XCBuildConfiguration section */

/* Begin XCConfigurationList section */
		C349BFDE285327EE00EC0596 /* Build configuration list for PBXProject "Practice" */ = {
			isa = XCConfigurationList;
			buildConfigurations = (
				C349BFF5285327EF00EC0596 /* Debug */,
				C349BFF6285327EF00EC0596 /* Release */,
			);
			defaultConfigurationIsVisible = 0;
			defaultConfigurationName = Release;
		};
		C349BFF7285327EF00EC0596 /* Build configuration list for PBXNativeTarget "Practice" */ = {
			isa = XCConfigurationList;
			buildConfigurations = (
				C349BFF8285327EF00EC0596 /* Debug */,
				C349BFF9285327EF00EC0596 /* Release */,
			);
			defaultConfigurationIsVisible = 0;
			defaultConfigurationName = Release;
		};
/* End XCConfigurationList section */
	};
	rootObject = C349BFDB285327EE00EC0596 /* Project object */;
}
